
Microsoft Visual Studio Solution File, Format Version 12.00
# Visual Studio Version 17
VisualStudioVersion = 17.3.32804.467
MinimumVisualStudioVersion = 10.0.40219.1
Project("{FAE04EC0-301F-11D3-BF4B-00C04F79EFBC}") = "CarharingApp", "CarharingApp\CarharingApp.csproj", "{89AF1696-7AF7-457D-9553-A667B55472A2}"
EndProject
Global
	GlobalSection(SolutionConfigurationPlatforms) = preSolution
		Debug|Any CPU = Debug|Any CPU
		Release|Any CPU = Release|Any CPU
	EndGlobalSection
	GlobalSection(ProjectConfigurationPlatforms) = postSolution
		{89AF1696-7AF7-457D-9553-A667B55472A2}.Debug|Any CPU.ActiveCfg = Debug|Any CPU
		{89AF1696-7AF7-457D-9553-A667B55472A2}.Debug|Any CPU.Build.0 = Debug|Any CPU
		{89AF1696-7AF7-457D-9553-A667B55472A2}.Release|Any CPU.ActiveCfg = Release|Any CPU
		{89AF1696-7AF7-457D-9553-A667B55472A2}.Release|Any CPU.Build.0 = Release|Any CPU
	EndGlobalSection
	GlobalSection(SolutionProperties) = preSolution
		HideSolutionNode = FALSE
	EndGlobalSection
	GlobalSection(ExtensibilityGlobals) = postSolution
		SolutionGuid = {7FEFF1D3-20EC-4663-93E2-82BF31FF80E9}
	EndGlobalSection
EndGlobal
